
Microsoft Visual Studio Solution File, Format Version 12.00
# Visual Studio 15
VisualStudioVersion = 15.0.28307.1525
MinimumVisualStudioVersion = 10.0.40219.1
Project("{FAE04EC0-301F-11D3-BF4B-00C04F79EFBC}") = "ConsoleApp19_1", "ConsoleApp19_1\ConsoleApp19_1.csproj", "{834F0E5D-4520-42AD-A11F-E147DBF7F06C}"
EndProject
Global
	GlobalSection(SolutionConfigurationPlatforms) = preSolution
		Debug|Any CPU = Debug|Any CPU
		Release|Any CPU = Release|Any CPU
	EndGlobalSection
	GlobalSection(ProjectConfigurationPlatforms) = postSolution
		{834F0E5D-4520-42AD-A11F-E147DBF7F06C}.Debug|Any CPU.ActiveCfg = Debug|Any CPU
		{834F0E5D-4520-42AD-A11F-E147DBF7F06C}.Debug|Any CPU.Build.0 = Debug|Any CPU
		{834F0E5D-4520-42AD-A11F-E147DBF7F06C}.Release|Any CPU.ActiveCfg = Release|Any CPU
		{834F0E5D-4520-42AD-A11F-E147DBF7F06C}.Release|Any CPU.Build.0 = Release|Any CPU
	EndGlobalSection
	GlobalSection(SolutionProperties) = preSolution
		HideSolutionNode = FALSE
	EndGlobalSection
	GlobalSection(ExtensibilityGlobals) = postSolution
		SolutionGuid = {D377D73E-A79C-43E0-B89B-BA497DEF6F92}
	EndGlobalSection
EndGlobal
